
Microsoft Visual Studio Solution File, Format Version 12.00
# Visual Studio Version 16
VisualStudioVersion = 16.0.29025.244
MinimumVisualStudioVersion = 10.0.40219.1
Project("{FAE04EC0-301F-11D3-BF4B-00C04F79EFBC}") = "NetflixOnTheTop", "NetflixOnTheTop\NetflixOnTheTop.csproj", "{00579960-F5D1-48B9-8BB2-B76918EB04A2}"
EndProject
Global
	GlobalSection(SolutionConfigurationPlatforms) = preSolution
		Debug|Any CPU = Debug|Any CPU
		Release|Any CPU = Release|Any CPU
	EndGlobalSection
	GlobalSection(ProjectConfigurationPlatforms) = postSolution
		{00579960-F5D1-48B9-8BB2-B76918EB04A2}.Debug|Any CPU.ActiveCfg = Debug|Any CPU
		{00579960-F5D1-48B9-8BB2-B76918EB04A2}.Debug|Any CPU.Build.0 = Debug|Any CPU
		{00579960-F5D1-48B9-8BB2-B76918EB04A2}.Release|Any CPU.ActiveCfg = Release|Any CPU
		{00579960-F5D1-48B9-8BB2-B76918EB04A2}.Release|Any CPU.Build.0 = Release|Any CPU
	EndGlobalSection
	GlobalSection(SolutionProperties) = preSolution
		HideSolutionNode = FALSE
	EndGlobalSection
	GlobalSection(ExtensibilityGlobals) = postSolution
		SolutionGuid = {98666379-9C48-4B0D-9C8B-23AD9C565D11}
	EndGlobalSection
EndGlobal
